
Microsoft Visual Studio Solution File, Format Version 12.00
# Visual Studio 15
VisualStudioVersion = 15.0.27130.2027
MinimumVisualStudioVersion = 10.0.40219.1
Project("{FAE04EC0-301F-11D3-BF4B-00C04F79EFBC}") = "WebApplication1", "WebApplication1\WebApplication1.csproj", "{7875EDE8-C20B-4738-BE44-18AFF29543FF}"
EndProject
Global
	GlobalSection(SolutionConfigurationPlatforms) = preSolution
		Debug|Any CPU = Debug|Any CPU
		Release|Any CPU = Release|Any CPU
	EndGlobalSection
	GlobalSection(ProjectConfigurationPlatforms) = postSolution
		{7875EDE8-C20B-4738-BE44-18AFF29543FF}.Debug|Any CPU.ActiveCfg = Debug|Any CPU
		{7875EDE8-C20B-4738-BE44-18AFF29543FF}.Debug|Any CPU.Build.0 = Debug|Any CPU
		{7875EDE8-C20B-4738-BE44-18AFF29543FF}.Release|Any CPU.ActiveCfg = Release|Any CPU
		{7875EDE8-C20B-4738-BE44-18AFF29543FF}.Release|Any CPU.Build.0 = Release|Any CPU
	EndGlobalSection
	GlobalSection(SolutionProperties) = preSolution
		HideSolutionNode = FALSE
	EndGlobalSection
	GlobalSection(ExtensibilityGlobals) = postSolution
		SolutionGuid = {EEFE746B-D7D2-4B91-BBC9-E92FE84E316A}
	EndGlobalSection
EndGlobal
